
Microsoft Visual Studio Solution File, Format Version 12.00
# Visual Studio 15
VisualStudioVersion = 15.0.27130.2010
MinimumVisualStudioVersion = 10.0.40219.1
Project("{FAE04EC0-301F-11D3-BF4B-00C04F79EFBC}") = "OLDCODE", "OLDCODE\OLDCODE.csproj", "{FEB69190-2B2E-47B4-9F64-E59EB6802BF8}"
EndProject
Global
	GlobalSection(SolutionConfigurationPlatforms) = preSolution
		Debug|Any CPU = Debug|Any CPU
		Release|Any CPU = Release|Any CPU
	EndGlobalSection
	GlobalSection(ProjectConfigurationPlatforms) = postSolution
		{FEB69190-2B2E-47B4-9F64-E59EB6802BF8}.Debug|Any CPU.ActiveCfg = Debug|Any CPU
		{FEB69190-2B2E-47B4-9F64-E59EB6802BF8}.Debug|Any CPU.Build.0 = Debug|Any CPU
		{FEB69190-2B2E-47B4-9F64-E59EB6802BF8}.Release|Any CPU.ActiveCfg = Release|Any CPU
		{FEB69190-2B2E-47B4-9F64-E59EB6802BF8}.Release|Any CPU.Build.0 = Release|Any CPU
	EndGlobalSection
	GlobalSection(SolutionProperties) = preSolution
		HideSolutionNode = FALSE
	EndGlobalSection
	GlobalSection(ExtensibilityGlobals) = postSolution
		SolutionGuid = {7B9BCB92-5DB6-4D51-B504-AD71FE0C6CB7}
	EndGlobalSection
EndGlobal
