
Microsoft Visual Studio Solution File, Format Version 12.00
# Visual Studio 15
VisualStudioVersion = 15.0.26730.16
MinimumVisualStudioVersion = 10.0.40219.1
Project("{FAE04EC0-301F-11D3-BF4B-00C04F79EFBC}") = "REFERCODE1", "REFERCODE1\REFERCODE1.csproj", "{5CAA6468-9B7E-4637-855C-6214F6F64C5D}"
EndProject
Global
	GlobalSection(SolutionConfigurationPlatforms) = preSolution
		Debug|Any CPU = Debug|Any CPU
		Release|Any CPU = Release|Any CPU
	EndGlobalSection
	GlobalSection(ProjectConfigurationPlatforms) = postSolution
		{5CAA6468-9B7E-4637-855C-6214F6F64C5D}.Debug|Any CPU.ActiveCfg = Debug|Any CPU
		{5CAA6468-9B7E-4637-855C-6214F6F64C5D}.Debug|Any CPU.Build.0 = Debug|Any CPU
		{5CAA6468-9B7E-4637-855C-6214F6F64C5D}.Release|Any CPU.ActiveCfg = Release|Any CPU
		{5CAA6468-9B7E-4637-855C-6214F6F64C5D}.Release|Any CPU.Build.0 = Release|Any CPU
	EndGlobalSection
	GlobalSection(SolutionProperties) = preSolution
		HideSolutionNode = FALSE
	EndGlobalSection
	GlobalSection(ExtensibilityGlobals) = postSolution
		SolutionGuid = {3D384FE0-ED0B-44D4-BEC7-7D79AFAC8D9E}
	EndGlobalSection
EndGlobal
