
Microsoft Visual Studio Solution File, Format Version 12.00
# Visual Studio 15
VisualStudioVersion = 15.0.27004.2006
MinimumVisualStudioVersion = 10.0.40219.1
Project("{FAE04EC0-301F-11D3-BF4B-00C04F79EFBC}") = "NEWCODE1", "NEWCODE1\NEWCODE1.csproj", "{81AC8064-D12F-4F7E-895C-D9CFDD790D5B}"
EndProject
Global
	GlobalSection(SolutionConfigurationPlatforms) = preSolution
		Debug|Any CPU = Debug|Any CPU
		Release|Any CPU = Release|Any CPU
	EndGlobalSection
	GlobalSection(ProjectConfigurationPlatforms) = postSolution
		{81AC8064-D12F-4F7E-895C-D9CFDD790D5B}.Debug|Any CPU.ActiveCfg = Debug|Any CPU
		{81AC8064-D12F-4F7E-895C-D9CFDD790D5B}.Debug|Any CPU.Build.0 = Debug|Any CPU
		{81AC8064-D12F-4F7E-895C-D9CFDD790D5B}.Release|Any CPU.ActiveCfg = Release|Any CPU
		{81AC8064-D12F-4F7E-895C-D9CFDD790D5B}.Release|Any CPU.Build.0 = Release|Any CPU
	EndGlobalSection
	GlobalSection(SolutionProperties) = preSolution
		HideSolutionNode = FALSE
	EndGlobalSection
	GlobalSection(ExtensibilityGlobals) = postSolution
		SolutionGuid = {446D739D-3176-4B06-8E75-EBE7EB340F51}
	EndGlobalSection
EndGlobal
