
Microsoft Visual Studio Solution File, Format Version 12.00
# Visual Studio 15
VisualStudioVersion = 15.0.27004.2006
MinimumVisualStudioVersion = 10.0.40219.1
Project("{FAE04EC0-301F-11D3-BF4B-00C04F79EFBC}") = "NEWCODE1", "NEWCODE1\NEWCODE1.csproj", "{62EEA227-64DF-44C5-A3C5-937552568039}"
EndProject
Global
	GlobalSection(SolutionConfigurationPlatforms) = preSolution
		Debug|Any CPU = Debug|Any CPU
		Release|Any CPU = Release|Any CPU
	EndGlobalSection
	GlobalSection(ProjectConfigurationPlatforms) = postSolution
		{62EEA227-64DF-44C5-A3C5-937552568039}.Debug|Any CPU.ActiveCfg = Debug|Any CPU
		{62EEA227-64DF-44C5-A3C5-937552568039}.Debug|Any CPU.Build.0 = Debug|Any CPU
		{62EEA227-64DF-44C5-A3C5-937552568039}.Release|Any CPU.ActiveCfg = Release|Any CPU
		{62EEA227-64DF-44C5-A3C5-937552568039}.Release|Any CPU.Build.0 = Release|Any CPU
	EndGlobalSection
	GlobalSection(SolutionProperties) = preSolution
		HideSolutionNode = FALSE
	EndGlobalSection
	GlobalSection(ExtensibilityGlobals) = postSolution
		SolutionGuid = {397A06E1-2119-48F9-BC03-10D63B0294ED}
	EndGlobalSection
EndGlobal
