
Microsoft Visual Studio Solution File, Format Version 12.00
# Visual Studio 15
VisualStudioVersion = 15.0.26730.16
MinimumVisualStudioVersion = 10.0.40219.1
Project("{FAE04EC0-301F-11D3-BF4B-00C04F79EFBC}") = "NEWCODE2", "NEWCODE2\NEWCODE2.csproj", "{C020310C-8248-4503-902F-126DE68EC9F7}"
EndProject
Global
	GlobalSection(SolutionConfigurationPlatforms) = preSolution
		Debug|Any CPU = Debug|Any CPU
		Release|Any CPU = Release|Any CPU
	EndGlobalSection
	GlobalSection(ProjectConfigurationPlatforms) = postSolution
		{C020310C-8248-4503-902F-126DE68EC9F7}.Debug|Any CPU.ActiveCfg = Debug|Any CPU
		{C020310C-8248-4503-902F-126DE68EC9F7}.Debug|Any CPU.Build.0 = Debug|Any CPU
		{C020310C-8248-4503-902F-126DE68EC9F7}.Release|Any CPU.ActiveCfg = Release|Any CPU
		{C020310C-8248-4503-902F-126DE68EC9F7}.Release|Any CPU.Build.0 = Release|Any CPU
	EndGlobalSection
	GlobalSection(SolutionProperties) = preSolution
		HideSolutionNode = FALSE
	EndGlobalSection
	GlobalSection(ExtensibilityGlobals) = postSolution
		SolutionGuid = {B9528767-89C7-4340-A742-9CE441A29251}
	EndGlobalSection
EndGlobal
