
Microsoft Visual Studio Solution File, Format Version 12.00
# Visual Studio 15
VisualStudioVersion = 15.0.27004.2009
MinimumVisualStudioVersion = 10.0.40219.1
Project("{FAE04EC0-301F-11D3-BF4B-00C04F79EFBC}") = "NEWCODE", "NEWCODE\NEWCODE.csproj", "{09ED728C-E334-44A2-B3A9-530FD84A2E71}"
EndProject
Global
	GlobalSection(SolutionConfigurationPlatforms) = preSolution
		Debug|Any CPU = Debug|Any CPU
		Release|Any CPU = Release|Any CPU
	EndGlobalSection
	GlobalSection(ProjectConfigurationPlatforms) = postSolution
		{09ED728C-E334-44A2-B3A9-530FD84A2E71}.Debug|Any CPU.ActiveCfg = Debug|Any CPU
		{09ED728C-E334-44A2-B3A9-530FD84A2E71}.Debug|Any CPU.Build.0 = Debug|Any CPU
		{09ED728C-E334-44A2-B3A9-530FD84A2E71}.Release|Any CPU.ActiveCfg = Release|Any CPU
		{09ED728C-E334-44A2-B3A9-530FD84A2E71}.Release|Any CPU.Build.0 = Release|Any CPU
	EndGlobalSection
	GlobalSection(SolutionProperties) = preSolution
		HideSolutionNode = FALSE
	EndGlobalSection
	GlobalSection(ExtensibilityGlobals) = postSolution
		SolutionGuid = {0F1E7BEA-BC8E-459D-B717-C51EE72F55C5}
	EndGlobalSection
EndGlobal
