
Microsoft Visual Studio Solution File, Format Version 12.00
# Visual Studio 15
VisualStudioVersion = 15.0.27130.2010
MinimumVisualStudioVersion = 10.0.40219.1
Project("{FAE04EC0-301F-11D3-BF4B-00C04F79EFBC}") = "NEWCODE", "NEWCODE\NEWCODE.csproj", "{48AB32C9-EC95-42B9-B6A9-A374BB2835DA}"
EndProject
Global
	GlobalSection(SolutionConfigurationPlatforms) = preSolution
		Debug|Any CPU = Debug|Any CPU
		Release|Any CPU = Release|Any CPU
	EndGlobalSection
	GlobalSection(ProjectConfigurationPlatforms) = postSolution
		{48AB32C9-EC95-42B9-B6A9-A374BB2835DA}.Debug|Any CPU.ActiveCfg = Debug|Any CPU
		{48AB32C9-EC95-42B9-B6A9-A374BB2835DA}.Debug|Any CPU.Build.0 = Debug|Any CPU
		{48AB32C9-EC95-42B9-B6A9-A374BB2835DA}.Release|Any CPU.ActiveCfg = Release|Any CPU
		{48AB32C9-EC95-42B9-B6A9-A374BB2835DA}.Release|Any CPU.Build.0 = Release|Any CPU
	EndGlobalSection
	GlobalSection(SolutionProperties) = preSolution
		HideSolutionNode = FALSE
	EndGlobalSection
	GlobalSection(ExtensibilityGlobals) = postSolution
		SolutionGuid = {5A123FFF-E4F9-4A5B-B1FF-3E049F8713EB}
	EndGlobalSection
EndGlobal
