
Microsoft Visual Studio Solution File, Format Version 12.00
# Visual Studio 15
VisualStudioVersion = 15.0.27130.2010
MinimumVisualStudioVersion = 10.0.40219.1
Project("{FAE04EC0-301F-11D3-BF4B-00C04F79EFBC}") = "OLDCODE", "OLDCODE\OLDCODE.csproj", "{F3368FF6-80F7-4043-A2BD-030DEEB8F39C}"
EndProject
Global
	GlobalSection(SolutionConfigurationPlatforms) = preSolution
		Debug|Any CPU = Debug|Any CPU
		Release|Any CPU = Release|Any CPU
	EndGlobalSection
	GlobalSection(ProjectConfigurationPlatforms) = postSolution
		{F3368FF6-80F7-4043-A2BD-030DEEB8F39C}.Debug|Any CPU.ActiveCfg = Debug|Any CPU
		{F3368FF6-80F7-4043-A2BD-030DEEB8F39C}.Debug|Any CPU.Build.0 = Debug|Any CPU
		{F3368FF6-80F7-4043-A2BD-030DEEB8F39C}.Release|Any CPU.ActiveCfg = Release|Any CPU
		{F3368FF6-80F7-4043-A2BD-030DEEB8F39C}.Release|Any CPU.Build.0 = Release|Any CPU
	EndGlobalSection
	GlobalSection(SolutionProperties) = preSolution
		HideSolutionNode = FALSE
	EndGlobalSection
	GlobalSection(ExtensibilityGlobals) = postSolution
		SolutionGuid = {95C7EC0B-5226-4F4D-BA2B-5D2E67CD98F9}
	EndGlobalSection
EndGlobal
