
Microsoft Visual Studio Solution File, Format Version 12.00
# Visual Studio 15
VisualStudioVersion = 15.0.27004.2009
MinimumVisualStudioVersion = 10.0.40219.1
Project("{FAE04EC0-301F-11D3-BF4B-00C04F79EFBC}") = "NEWCODE", "NEWCODE\NEWCODE.csproj", "{500438E0-595E-4655-BD19-2A9CC2FA6AED}"
EndProject
Global
	GlobalSection(SolutionConfigurationPlatforms) = preSolution
		Debug|Any CPU = Debug|Any CPU
		Release|Any CPU = Release|Any CPU
	EndGlobalSection
	GlobalSection(ProjectConfigurationPlatforms) = postSolution
		{500438E0-595E-4655-BD19-2A9CC2FA6AED}.Debug|Any CPU.ActiveCfg = Debug|Any CPU
		{500438E0-595E-4655-BD19-2A9CC2FA6AED}.Debug|Any CPU.Build.0 = Debug|Any CPU
		{500438E0-595E-4655-BD19-2A9CC2FA6AED}.Release|Any CPU.ActiveCfg = Release|Any CPU
		{500438E0-595E-4655-BD19-2A9CC2FA6AED}.Release|Any CPU.Build.0 = Release|Any CPU
	EndGlobalSection
	GlobalSection(SolutionProperties) = preSolution
		HideSolutionNode = FALSE
	EndGlobalSection
	GlobalSection(ExtensibilityGlobals) = postSolution
		SolutionGuid = {EB50707F-2C9F-4D6E-B480-72E7D2AA6961}
	EndGlobalSection
EndGlobal
