
Microsoft Visual Studio Solution File, Format Version 12.00
# Visual Studio 15
VisualStudioVersion = 15.0.27004.2009
MinimumVisualStudioVersion = 10.0.40219.1
Project("{FAE04EC0-301F-11D3-BF4B-00C04F79EFBC}") = "OLDCODE2", "OLDCODE2\OLDCODE2.csproj", "{A393A45C-2699-4632-90AE-222EA0143D2F}"
EndProject
Global
	GlobalSection(SolutionConfigurationPlatforms) = preSolution
		Debug|Any CPU = Debug|Any CPU
		Release|Any CPU = Release|Any CPU
	EndGlobalSection
	GlobalSection(ProjectConfigurationPlatforms) = postSolution
		{A393A45C-2699-4632-90AE-222EA0143D2F}.Debug|Any CPU.ActiveCfg = Debug|Any CPU
		{A393A45C-2699-4632-90AE-222EA0143D2F}.Debug|Any CPU.Build.0 = Debug|Any CPU
		{A393A45C-2699-4632-90AE-222EA0143D2F}.Release|Any CPU.ActiveCfg = Release|Any CPU
		{A393A45C-2699-4632-90AE-222EA0143D2F}.Release|Any CPU.Build.0 = Release|Any CPU
	EndGlobalSection
	GlobalSection(SolutionProperties) = preSolution
		HideSolutionNode = FALSE
	EndGlobalSection
	GlobalSection(ExtensibilityGlobals) = postSolution
		SolutionGuid = {4E329B4D-0EDF-4CC4-B652-D0F779B77AE3}
	EndGlobalSection
EndGlobal
