
Microsoft Visual Studio Solution File, Format Version 12.00
# Visual Studio 15
VisualStudioVersion = 15.0.26730.16
MinimumVisualStudioVersion = 10.0.40219.1
Project("{FAE04EC0-301F-11D3-BF4B-00C04F79EFBC}") = "OLDCODE", "OLDCODE\OLDCODE.csproj", "{51181D77-9AD2-44FC-B2CA-EB50D80750A3}"
EndProject
Global
	GlobalSection(SolutionConfigurationPlatforms) = preSolution
		Debug|Any CPU = Debug|Any CPU
		Release|Any CPU = Release|Any CPU
	EndGlobalSection
	GlobalSection(ProjectConfigurationPlatforms) = postSolution
		{51181D77-9AD2-44FC-B2CA-EB50D80750A3}.Debug|Any CPU.ActiveCfg = Debug|Any CPU
		{51181D77-9AD2-44FC-B2CA-EB50D80750A3}.Debug|Any CPU.Build.0 = Debug|Any CPU
		{51181D77-9AD2-44FC-B2CA-EB50D80750A3}.Release|Any CPU.ActiveCfg = Release|Any CPU
		{51181D77-9AD2-44FC-B2CA-EB50D80750A3}.Release|Any CPU.Build.0 = Release|Any CPU
	EndGlobalSection
	GlobalSection(SolutionProperties) = preSolution
		HideSolutionNode = FALSE
	EndGlobalSection
	GlobalSection(ExtensibilityGlobals) = postSolution
		SolutionGuid = {04490407-C645-4648-882D-D5033A496EA1}
	EndGlobalSection
EndGlobal
