
Microsoft Visual Studio Solution File, Format Version 12.00
# Visual Studio 15
VisualStudioVersion = 15.0.26730.16
MinimumVisualStudioVersion = 10.0.40219.1
Project("{FAE04EC0-301F-11D3-BF4B-00C04F79EFBC}") = "NEWCODE2", "NEWCODE2\NEWCODE2.csproj", "{E8563D92-F5B4-448C-835F-4B5ADD70A1D7}"
EndProject
Global
	GlobalSection(SolutionConfigurationPlatforms) = preSolution
		Debug|Any CPU = Debug|Any CPU
		Release|Any CPU = Release|Any CPU
	EndGlobalSection
	GlobalSection(ProjectConfigurationPlatforms) = postSolution
		{E8563D92-F5B4-448C-835F-4B5ADD70A1D7}.Debug|Any CPU.ActiveCfg = Debug|Any CPU
		{E8563D92-F5B4-448C-835F-4B5ADD70A1D7}.Debug|Any CPU.Build.0 = Debug|Any CPU
		{E8563D92-F5B4-448C-835F-4B5ADD70A1D7}.Release|Any CPU.ActiveCfg = Release|Any CPU
		{E8563D92-F5B4-448C-835F-4B5ADD70A1D7}.Release|Any CPU.Build.0 = Release|Any CPU
	EndGlobalSection
	GlobalSection(SolutionProperties) = preSolution
		HideSolutionNode = FALSE
	EndGlobalSection
	GlobalSection(ExtensibilityGlobals) = postSolution
		SolutionGuid = {6DBA2FEB-C0D0-442E-A628-DCC4CFA3CAA0}
	EndGlobalSection
EndGlobal
