
Microsoft Visual Studio Solution File, Format Version 12.00
# Visual Studio 15
VisualStudioVersion = 15.0.27004.2009
MinimumVisualStudioVersion = 10.0.40219.1
Project("{FAE04EC0-301F-11D3-BF4B-00C04F79EFBC}") = "NEWCODE", "NEWCODE\NEWCODE.csproj", "{E2DC54B0-0792-4974-8DD6-E26EA23CE58E}"
EndProject
Global
	GlobalSection(SolutionConfigurationPlatforms) = preSolution
		Debug|Any CPU = Debug|Any CPU
		Release|Any CPU = Release|Any CPU
	EndGlobalSection
	GlobalSection(ProjectConfigurationPlatforms) = postSolution
		{E2DC54B0-0792-4974-8DD6-E26EA23CE58E}.Debug|Any CPU.ActiveCfg = Debug|Any CPU
		{E2DC54B0-0792-4974-8DD6-E26EA23CE58E}.Debug|Any CPU.Build.0 = Debug|Any CPU
		{E2DC54B0-0792-4974-8DD6-E26EA23CE58E}.Release|Any CPU.ActiveCfg = Release|Any CPU
		{E2DC54B0-0792-4974-8DD6-E26EA23CE58E}.Release|Any CPU.Build.0 = Release|Any CPU
	EndGlobalSection
	GlobalSection(SolutionProperties) = preSolution
		HideSolutionNode = FALSE
	EndGlobalSection
	GlobalSection(ExtensibilityGlobals) = postSolution
		SolutionGuid = {33486844-2040-4FD1-9608-19F3DC6CD5BB}
	EndGlobalSection
EndGlobal
