
Microsoft Visual Studio Solution File, Format Version 12.00
# Visual Studio 15
VisualStudioVersion = 15.0.27130.2010
MinimumVisualStudioVersion = 10.0.40219.1
Project("{FAE04EC0-301F-11D3-BF4B-00C04F79EFBC}") = "OLDCASE", "OLDCASE\OLDCASE.csproj", "{EAC2F37D-4BCB-4B94-8EAA-384796CEEDC1}"
EndProject
Global
	GlobalSection(SolutionConfigurationPlatforms) = preSolution
		Debug|Any CPU = Debug|Any CPU
		Release|Any CPU = Release|Any CPU
	EndGlobalSection
	GlobalSection(ProjectConfigurationPlatforms) = postSolution
		{EAC2F37D-4BCB-4B94-8EAA-384796CEEDC1}.Debug|Any CPU.ActiveCfg = Debug|Any CPU
		{EAC2F37D-4BCB-4B94-8EAA-384796CEEDC1}.Debug|Any CPU.Build.0 = Debug|Any CPU
		{EAC2F37D-4BCB-4B94-8EAA-384796CEEDC1}.Release|Any CPU.ActiveCfg = Release|Any CPU
		{EAC2F37D-4BCB-4B94-8EAA-384796CEEDC1}.Release|Any CPU.Build.0 = Release|Any CPU
	EndGlobalSection
	GlobalSection(SolutionProperties) = preSolution
		HideSolutionNode = FALSE
	EndGlobalSection
	GlobalSection(ExtensibilityGlobals) = postSolution
		SolutionGuid = {FA328112-D9F8-4234-A532-28DD20BEE164}
	EndGlobalSection
EndGlobal
