
Microsoft Visual Studio Solution File, Format Version 12.00
# Visual Studio 15
VisualStudioVersion = 15.0.26730.16
MinimumVisualStudioVersion = 10.0.40219.1
Project("{FAE04EC0-301F-11D3-BF4B-00C04F79EFBC}") = "NEWCODE", "NEWCODE\NEWCODE.csproj", "{DE809AA6-C349-4F70-AE10-E5D27A448062}"
EndProject
Global
	GlobalSection(SolutionConfigurationPlatforms) = preSolution
		Debug|Any CPU = Debug|Any CPU
		Release|Any CPU = Release|Any CPU
	EndGlobalSection
	GlobalSection(ProjectConfigurationPlatforms) = postSolution
		{DE809AA6-C349-4F70-AE10-E5D27A448062}.Debug|Any CPU.ActiveCfg = Debug|Any CPU
		{DE809AA6-C349-4F70-AE10-E5D27A448062}.Debug|Any CPU.Build.0 = Debug|Any CPU
		{DE809AA6-C349-4F70-AE10-E5D27A448062}.Release|Any CPU.ActiveCfg = Release|Any CPU
		{DE809AA6-C349-4F70-AE10-E5D27A448062}.Release|Any CPU.Build.0 = Release|Any CPU
	EndGlobalSection
	GlobalSection(SolutionProperties) = preSolution
		HideSolutionNode = FALSE
	EndGlobalSection
	GlobalSection(ExtensibilityGlobals) = postSolution
		SolutionGuid = {BA559ED9-E163-40F8-8559-079DD3FB7ADB}
	EndGlobalSection
EndGlobal
