
Microsoft Visual Studio Solution File, Format Version 12.00
# Visual Studio 15
VisualStudioVersion = 15.0.26730.16
MinimumVisualStudioVersion = 10.0.40219.1
Project("{FAE04EC0-301F-11D3-BF4B-00C04F79EFBC}") = "NEWCODE", "NEWCODE\NEWCODE.csproj", "{8B03F075-5F94-4496-B20C-78665457AF43}"
EndProject
Global
	GlobalSection(SolutionConfigurationPlatforms) = preSolution
		Debug|Any CPU = Debug|Any CPU
		Release|Any CPU = Release|Any CPU
	EndGlobalSection
	GlobalSection(ProjectConfigurationPlatforms) = postSolution
		{8B03F075-5F94-4496-B20C-78665457AF43}.Debug|Any CPU.ActiveCfg = Debug|Any CPU
		{8B03F075-5F94-4496-B20C-78665457AF43}.Debug|Any CPU.Build.0 = Debug|Any CPU
		{8B03F075-5F94-4496-B20C-78665457AF43}.Release|Any CPU.ActiveCfg = Release|Any CPU
		{8B03F075-5F94-4496-B20C-78665457AF43}.Release|Any CPU.Build.0 = Release|Any CPU
	EndGlobalSection
	GlobalSection(SolutionProperties) = preSolution
		HideSolutionNode = FALSE
	EndGlobalSection
	GlobalSection(ExtensibilityGlobals) = postSolution
		SolutionGuid = {E671A4B3-458F-4D49-8454-CAA18F6DB11B}
	EndGlobalSection
EndGlobal
