
Microsoft Visual Studio Solution File, Format Version 12.00
# Visual Studio 15
VisualStudioVersion = 15.0.26730.16
MinimumVisualStudioVersion = 10.0.40219.1
Project("{FAE04EC0-301F-11D3-BF4B-00C04F79EFBC}") = "NEWCODE1", "NEWCODE1\NEWCODE1.csproj", "{F9475920-B978-4E4F-B70A-88229EA3B9EC}"
EndProject
Global
	GlobalSection(SolutionConfigurationPlatforms) = preSolution
		Debug|Any CPU = Debug|Any CPU
		Release|Any CPU = Release|Any CPU
	EndGlobalSection
	GlobalSection(ProjectConfigurationPlatforms) = postSolution
		{F9475920-B978-4E4F-B70A-88229EA3B9EC}.Debug|Any CPU.ActiveCfg = Debug|Any CPU
		{F9475920-B978-4E4F-B70A-88229EA3B9EC}.Debug|Any CPU.Build.0 = Debug|Any CPU
		{F9475920-B978-4E4F-B70A-88229EA3B9EC}.Release|Any CPU.ActiveCfg = Release|Any CPU
		{F9475920-B978-4E4F-B70A-88229EA3B9EC}.Release|Any CPU.Build.0 = Release|Any CPU
	EndGlobalSection
	GlobalSection(SolutionProperties) = preSolution
		HideSolutionNode = FALSE
	EndGlobalSection
	GlobalSection(ExtensibilityGlobals) = postSolution
		SolutionGuid = {9326A7F6-C63D-4466-B050-6756BBB1D54C}
	EndGlobalSection
EndGlobal
