
Microsoft Visual Studio Solution File, Format Version 12.00
# Visual Studio 15
VisualStudioVersion = 15.0.27004.2009
MinimumVisualStudioVersion = 10.0.40219.1
Project("{FAE04EC0-301F-11D3-BF4B-00C04F79EFBC}") = "NEWCODE", "NEWCODE\NEWCODE.csproj", "{8E8D0511-FF4C-463B-85C0-F1493734CF41}"
EndProject
Global
	GlobalSection(SolutionConfigurationPlatforms) = preSolution
		Debug|Any CPU = Debug|Any CPU
		Release|Any CPU = Release|Any CPU
	EndGlobalSection
	GlobalSection(ProjectConfigurationPlatforms) = postSolution
		{8E8D0511-FF4C-463B-85C0-F1493734CF41}.Debug|Any CPU.ActiveCfg = Debug|Any CPU
		{8E8D0511-FF4C-463B-85C0-F1493734CF41}.Debug|Any CPU.Build.0 = Debug|Any CPU
		{8E8D0511-FF4C-463B-85C0-F1493734CF41}.Release|Any CPU.ActiveCfg = Release|Any CPU
		{8E8D0511-FF4C-463B-85C0-F1493734CF41}.Release|Any CPU.Build.0 = Release|Any CPU
	EndGlobalSection
	GlobalSection(SolutionProperties) = preSolution
		HideSolutionNode = FALSE
	EndGlobalSection
	GlobalSection(ExtensibilityGlobals) = postSolution
		SolutionGuid = {27576502-5A00-47A1-998B-9602F06E4C4A}
	EndGlobalSection
EndGlobal
