
Microsoft Visual Studio Solution File, Format Version 12.00
# Visual Studio 15
VisualStudioVersion = 15.0.26730.16
MinimumVisualStudioVersion = 10.0.40219.1
Project("{FAE04EC0-301F-11D3-BF4B-00C04F79EFBC}") = "NEWCODE", "NEWCODE\NEWCODE.csproj", "{14F00487-A257-4FE4-A499-5AAC84ABE88D}"
EndProject
Global
	GlobalSection(SolutionConfigurationPlatforms) = preSolution
		Debug|Any CPU = Debug|Any CPU
		Release|Any CPU = Release|Any CPU
	EndGlobalSection
	GlobalSection(ProjectConfigurationPlatforms) = postSolution
		{14F00487-A257-4FE4-A499-5AAC84ABE88D}.Debug|Any CPU.ActiveCfg = Debug|Any CPU
		{14F00487-A257-4FE4-A499-5AAC84ABE88D}.Debug|Any CPU.Build.0 = Debug|Any CPU
		{14F00487-A257-4FE4-A499-5AAC84ABE88D}.Release|Any CPU.ActiveCfg = Release|Any CPU
		{14F00487-A257-4FE4-A499-5AAC84ABE88D}.Release|Any CPU.Build.0 = Release|Any CPU
	EndGlobalSection
	GlobalSection(SolutionProperties) = preSolution
		HideSolutionNode = FALSE
	EndGlobalSection
	GlobalSection(ExtensibilityGlobals) = postSolution
		SolutionGuid = {54FB984A-8892-4A29-8AB3-049DAB1A5583}
	EndGlobalSection
EndGlobal
