
Microsoft Visual Studio Solution File, Format Version 12.00
# Visual Studio 15
VisualStudioVersion = 15.0.26730.16
MinimumVisualStudioVersion = 10.0.40219.1
Project("{FAE04EC0-301F-11D3-BF4B-00C04F79EFBC}") = "OLDCODE", "OLDCODE\OLDCODE.csproj", "{2AF3069F-C88E-46CC-A438-5C6A62D43A40}"
EndProject
Global
	GlobalSection(SolutionConfigurationPlatforms) = preSolution
		Debug|Any CPU = Debug|Any CPU
		Release|Any CPU = Release|Any CPU
	EndGlobalSection
	GlobalSection(ProjectConfigurationPlatforms) = postSolution
		{2AF3069F-C88E-46CC-A438-5C6A62D43A40}.Debug|Any CPU.ActiveCfg = Debug|Any CPU
		{2AF3069F-C88E-46CC-A438-5C6A62D43A40}.Debug|Any CPU.Build.0 = Debug|Any CPU
		{2AF3069F-C88E-46CC-A438-5C6A62D43A40}.Release|Any CPU.ActiveCfg = Release|Any CPU
		{2AF3069F-C88E-46CC-A438-5C6A62D43A40}.Release|Any CPU.Build.0 = Release|Any CPU
	EndGlobalSection
	GlobalSection(SolutionProperties) = preSolution
		HideSolutionNode = FALSE
	EndGlobalSection
	GlobalSection(ExtensibilityGlobals) = postSolution
		SolutionGuid = {4AE10B8D-3259-43B2-BB38-0C9BB140701C}
	EndGlobalSection
EndGlobal
