
Microsoft Visual Studio Solution File, Format Version 12.00
# Visual Studio 15
VisualStudioVersion = 15.0.27130.2010
MinimumVisualStudioVersion = 10.0.40219.1
Project("{FAE04EC0-301F-11D3-BF4B-00C04F79EFBC}") = "OLDCODE", "OLDCODE\OLDCODE.csproj", "{FF5AEC54-C95A-4130-B387-8495295E73C3}"
EndProject
Global
	GlobalSection(SolutionConfigurationPlatforms) = preSolution
		Debug|Any CPU = Debug|Any CPU
		Release|Any CPU = Release|Any CPU
	EndGlobalSection
	GlobalSection(ProjectConfigurationPlatforms) = postSolution
		{FF5AEC54-C95A-4130-B387-8495295E73C3}.Debug|Any CPU.ActiveCfg = Debug|Any CPU
		{FF5AEC54-C95A-4130-B387-8495295E73C3}.Debug|Any CPU.Build.0 = Debug|Any CPU
		{FF5AEC54-C95A-4130-B387-8495295E73C3}.Release|Any CPU.ActiveCfg = Release|Any CPU
		{FF5AEC54-C95A-4130-B387-8495295E73C3}.Release|Any CPU.Build.0 = Release|Any CPU
	EndGlobalSection
	GlobalSection(SolutionProperties) = preSolution
		HideSolutionNode = FALSE
	EndGlobalSection
	GlobalSection(ExtensibilityGlobals) = postSolution
		SolutionGuid = {E21F20C6-62F5-4B09-8A76-167B1AC7DD14}
	EndGlobalSection
EndGlobal
