
Microsoft Visual Studio Solution File, Format Version 12.00
# Visual Studio 15
VisualStudioVersion = 15.0.27130.2010
MinimumVisualStudioVersion = 10.0.40219.1
Project("{FAE04EC0-301F-11D3-BF4B-00C04F79EFBC}") = "NEWCODE", "NEWCODE\NEWCODE.csproj", "{F94984F2-E10E-4D69-A383-C2645E132707}"
EndProject
Global
	GlobalSection(SolutionConfigurationPlatforms) = preSolution
		Debug|Any CPU = Debug|Any CPU
		Release|Any CPU = Release|Any CPU
	EndGlobalSection
	GlobalSection(ProjectConfigurationPlatforms) = postSolution
		{F94984F2-E10E-4D69-A383-C2645E132707}.Debug|Any CPU.ActiveCfg = Debug|Any CPU
		{F94984F2-E10E-4D69-A383-C2645E132707}.Debug|Any CPU.Build.0 = Debug|Any CPU
		{F94984F2-E10E-4D69-A383-C2645E132707}.Release|Any CPU.ActiveCfg = Release|Any CPU
		{F94984F2-E10E-4D69-A383-C2645E132707}.Release|Any CPU.Build.0 = Release|Any CPU
	EndGlobalSection
	GlobalSection(SolutionProperties) = preSolution
		HideSolutionNode = FALSE
	EndGlobalSection
	GlobalSection(ExtensibilityGlobals) = postSolution
		SolutionGuid = {F9A41408-52AF-4F51-97F4-5DCB9642A841}
	EndGlobalSection
EndGlobal
