
Microsoft Visual Studio Solution File, Format Version 12.00
# Visual Studio 15
VisualStudioVersion = 15.0.26730.16
MinimumVisualStudioVersion = 10.0.40219.1
Project("{FAE04EC0-301F-11D3-BF4B-00C04F79EFBC}") = "NEWCODE", "NEWCODE\NEWCODE.csproj", "{C9554374-D64E-46C1-9E5A-43B3AD9C657A}"
EndProject
Global
	GlobalSection(SolutionConfigurationPlatforms) = preSolution
		Debug|Any CPU = Debug|Any CPU
		Release|Any CPU = Release|Any CPU
	EndGlobalSection
	GlobalSection(ProjectConfigurationPlatforms) = postSolution
		{C9554374-D64E-46C1-9E5A-43B3AD9C657A}.Debug|Any CPU.ActiveCfg = Debug|Any CPU
		{C9554374-D64E-46C1-9E5A-43B3AD9C657A}.Debug|Any CPU.Build.0 = Debug|Any CPU
		{C9554374-D64E-46C1-9E5A-43B3AD9C657A}.Release|Any CPU.ActiveCfg = Release|Any CPU
		{C9554374-D64E-46C1-9E5A-43B3AD9C657A}.Release|Any CPU.Build.0 = Release|Any CPU
	EndGlobalSection
	GlobalSection(SolutionProperties) = preSolution
		HideSolutionNode = FALSE
	EndGlobalSection
	GlobalSection(ExtensibilityGlobals) = postSolution
		SolutionGuid = {8F0069B6-2CC5-43A6-92C2-2249AF227282}
	EndGlobalSection
EndGlobal
