
Microsoft Visual Studio Solution File, Format Version 12.00
# Visual Studio 15
VisualStudioVersion = 15.0.27130.2010
MinimumVisualStudioVersion = 10.0.40219.1
Project("{FAE04EC0-301F-11D3-BF4B-00C04F79EFBC}") = "NEWCODE2", "NEWCODE2\NEWCODE2.csproj", "{9FC08357-F254-4C48-96CF-DBD383579B1A}"
EndProject
Global
	GlobalSection(SolutionConfigurationPlatforms) = preSolution
		Debug|Any CPU = Debug|Any CPU
		Release|Any CPU = Release|Any CPU
	EndGlobalSection
	GlobalSection(ProjectConfigurationPlatforms) = postSolution
		{9FC08357-F254-4C48-96CF-DBD383579B1A}.Debug|Any CPU.ActiveCfg = Debug|Any CPU
		{9FC08357-F254-4C48-96CF-DBD383579B1A}.Debug|Any CPU.Build.0 = Debug|Any CPU
		{9FC08357-F254-4C48-96CF-DBD383579B1A}.Release|Any CPU.ActiveCfg = Release|Any CPU
		{9FC08357-F254-4C48-96CF-DBD383579B1A}.Release|Any CPU.Build.0 = Release|Any CPU
	EndGlobalSection
	GlobalSection(SolutionProperties) = preSolution
		HideSolutionNode = FALSE
	EndGlobalSection
	GlobalSection(ExtensibilityGlobals) = postSolution
		SolutionGuid = {4050824F-7CE2-4623-AE22-091A278B6416}
	EndGlobalSection
EndGlobal
