
Microsoft Visual Studio Solution File, Format Version 12.00
# Visual Studio 15
VisualStudioVersion = 15.0.27004.2006
MinimumVisualStudioVersion = 10.0.40219.1
Project("{FAE04EC0-301F-11D3-BF4B-00C04F79EFBC}") = "OLDCODE", "OLDCODE\OLDCODE.csproj", "{2424442B-5613-41E1-A942-60324835A899}"
EndProject
Global
	GlobalSection(SolutionConfigurationPlatforms) = preSolution
		Debug|Any CPU = Debug|Any CPU
		Release|Any CPU = Release|Any CPU
	EndGlobalSection
	GlobalSection(ProjectConfigurationPlatforms) = postSolution
		{2424442B-5613-41E1-A942-60324835A899}.Debug|Any CPU.ActiveCfg = Debug|Any CPU
		{2424442B-5613-41E1-A942-60324835A899}.Debug|Any CPU.Build.0 = Debug|Any CPU
		{2424442B-5613-41E1-A942-60324835A899}.Release|Any CPU.ActiveCfg = Release|Any CPU
		{2424442B-5613-41E1-A942-60324835A899}.Release|Any CPU.Build.0 = Release|Any CPU
	EndGlobalSection
	GlobalSection(SolutionProperties) = preSolution
		HideSolutionNode = FALSE
	EndGlobalSection
	GlobalSection(ExtensibilityGlobals) = postSolution
		SolutionGuid = {C830BBDE-2C69-4D0F-91DB-776F71822FF6}
	EndGlobalSection
EndGlobal
