
Microsoft Visual Studio Solution File, Format Version 12.00
# Visual Studio 15
VisualStudioVersion = 15.0.27004.2006
MinimumVisualStudioVersion = 10.0.40219.1
Project("{FAE04EC0-301F-11D3-BF4B-00C04F79EFBC}") = "NEWCODE", "NEWCODE\NEWCODE.csproj", "{D486F6CD-31E9-4C89-BDCE-B8C8E8C1CDEF}"
EndProject
Global
	GlobalSection(SolutionConfigurationPlatforms) = preSolution
		Debug|Any CPU = Debug|Any CPU
		Release|Any CPU = Release|Any CPU
	EndGlobalSection
	GlobalSection(ProjectConfigurationPlatforms) = postSolution
		{D486F6CD-31E9-4C89-BDCE-B8C8E8C1CDEF}.Debug|Any CPU.ActiveCfg = Debug|Any CPU
		{D486F6CD-31E9-4C89-BDCE-B8C8E8C1CDEF}.Debug|Any CPU.Build.0 = Debug|Any CPU
		{D486F6CD-31E9-4C89-BDCE-B8C8E8C1CDEF}.Release|Any CPU.ActiveCfg = Release|Any CPU
		{D486F6CD-31E9-4C89-BDCE-B8C8E8C1CDEF}.Release|Any CPU.Build.0 = Release|Any CPU
	EndGlobalSection
	GlobalSection(SolutionProperties) = preSolution
		HideSolutionNode = FALSE
	EndGlobalSection
	GlobalSection(ExtensibilityGlobals) = postSolution
		SolutionGuid = {284E6F72-4272-462B-81B9-D3C899A57104}
	EndGlobalSection
EndGlobal
