
Microsoft Visual Studio Solution File, Format Version 12.00
# Visual Studio 15
VisualStudioVersion = 15.0.27004.2009
MinimumVisualStudioVersion = 10.0.40219.1
Project("{FAE04EC0-301F-11D3-BF4B-00C04F79EFBC}") = "OLDCODE", "OLDCODE\OLDCODE.csproj", "{B1E20CA2-87F5-4CB9-8CE2-B1F8B22674CF}"
EndProject
Global
	GlobalSection(SolutionConfigurationPlatforms) = preSolution
		Debug|Any CPU = Debug|Any CPU
		Release|Any CPU = Release|Any CPU
	EndGlobalSection
	GlobalSection(ProjectConfigurationPlatforms) = postSolution
		{B1E20CA2-87F5-4CB9-8CE2-B1F8B22674CF}.Debug|Any CPU.ActiveCfg = Debug|Any CPU
		{B1E20CA2-87F5-4CB9-8CE2-B1F8B22674CF}.Debug|Any CPU.Build.0 = Debug|Any CPU
		{B1E20CA2-87F5-4CB9-8CE2-B1F8B22674CF}.Release|Any CPU.ActiveCfg = Release|Any CPU
		{B1E20CA2-87F5-4CB9-8CE2-B1F8B22674CF}.Release|Any CPU.Build.0 = Release|Any CPU
	EndGlobalSection
	GlobalSection(SolutionProperties) = preSolution
		HideSolutionNode = FALSE
	EndGlobalSection
	GlobalSection(ExtensibilityGlobals) = postSolution
		SolutionGuid = {14700FD3-DAB8-45F9-A48D-5C258FDC5C29}
	EndGlobalSection
EndGlobal
