
Microsoft Visual Studio Solution File, Format Version 12.00
# Visual Studio 15
VisualStudioVersion = 15.0.27130.2010
MinimumVisualStudioVersion = 10.0.40219.1
Project("{FAE04EC0-301F-11D3-BF4B-00C04F79EFBC}") = "NEWCODEALL", "NEWCODEALL\NEWCODEALL.csproj", "{389B545D-AB32-423F-8BAF-550E8CA741B1}"
EndProject
Global
	GlobalSection(SolutionConfigurationPlatforms) = preSolution
		Debug|Any CPU = Debug|Any CPU
		Release|Any CPU = Release|Any CPU
	EndGlobalSection
	GlobalSection(ProjectConfigurationPlatforms) = postSolution
		{389B545D-AB32-423F-8BAF-550E8CA741B1}.Debug|Any CPU.ActiveCfg = Debug|Any CPU
		{389B545D-AB32-423F-8BAF-550E8CA741B1}.Debug|Any CPU.Build.0 = Debug|Any CPU
		{389B545D-AB32-423F-8BAF-550E8CA741B1}.Release|Any CPU.ActiveCfg = Release|Any CPU
		{389B545D-AB32-423F-8BAF-550E8CA741B1}.Release|Any CPU.Build.0 = Release|Any CPU
	EndGlobalSection
	GlobalSection(SolutionProperties) = preSolution
		HideSolutionNode = FALSE
	EndGlobalSection
	GlobalSection(ExtensibilityGlobals) = postSolution
		SolutionGuid = {BD38ACB9-FDDB-4C21-89C9-6CE83E61813B}
	EndGlobalSection
EndGlobal
