
Microsoft Visual Studio Solution File, Format Version 12.00
# Visual Studio 15
VisualStudioVersion = 15.0.26730.16
MinimumVisualStudioVersion = 10.0.40219.1
Project("{FAE04EC0-301F-11D3-BF4B-00C04F79EFBC}") = "NEWCODE", "NEWCODE\NEWCODE.csproj", "{3AFFFC42-FDE8-41E1-9ECC-E14B6EAC850F}"
EndProject
Global
	GlobalSection(SolutionConfigurationPlatforms) = preSolution
		Debug|Any CPU = Debug|Any CPU
		Release|Any CPU = Release|Any CPU
	EndGlobalSection
	GlobalSection(ProjectConfigurationPlatforms) = postSolution
		{3AFFFC42-FDE8-41E1-9ECC-E14B6EAC850F}.Debug|Any CPU.ActiveCfg = Debug|Any CPU
		{3AFFFC42-FDE8-41E1-9ECC-E14B6EAC850F}.Debug|Any CPU.Build.0 = Debug|Any CPU
		{3AFFFC42-FDE8-41E1-9ECC-E14B6EAC850F}.Release|Any CPU.ActiveCfg = Release|Any CPU
		{3AFFFC42-FDE8-41E1-9ECC-E14B6EAC850F}.Release|Any CPU.Build.0 = Release|Any CPU
	EndGlobalSection
	GlobalSection(SolutionProperties) = preSolution
		HideSolutionNode = FALSE
	EndGlobalSection
	GlobalSection(ExtensibilityGlobals) = postSolution
		SolutionGuid = {000EE7CD-6F9E-4541-B322-9FBF4316FCC1}
	EndGlobalSection
EndGlobal
