
Microsoft Visual Studio Solution File, Format Version 12.00
# Visual Studio 15
VisualStudioVersion = 15.0.26730.16
MinimumVisualStudioVersion = 10.0.40219.1
Project("{FAE04EC0-301F-11D3-BF4B-00C04F79EFBC}") = "REFERCODE2", "REFERCODE2\REFERCODE2.csproj", "{33E83EE7-0206-4FC1-96B6-A80AC4EF5828}"
EndProject
Global
	GlobalSection(SolutionConfigurationPlatforms) = preSolution
		Debug|Any CPU = Debug|Any CPU
		Release|Any CPU = Release|Any CPU
	EndGlobalSection
	GlobalSection(ProjectConfigurationPlatforms) = postSolution
		{33E83EE7-0206-4FC1-96B6-A80AC4EF5828}.Debug|Any CPU.ActiveCfg = Debug|Any CPU
		{33E83EE7-0206-4FC1-96B6-A80AC4EF5828}.Debug|Any CPU.Build.0 = Debug|Any CPU
		{33E83EE7-0206-4FC1-96B6-A80AC4EF5828}.Release|Any CPU.ActiveCfg = Release|Any CPU
		{33E83EE7-0206-4FC1-96B6-A80AC4EF5828}.Release|Any CPU.Build.0 = Release|Any CPU
	EndGlobalSection
	GlobalSection(SolutionProperties) = preSolution
		HideSolutionNode = FALSE
	EndGlobalSection
	GlobalSection(ExtensibilityGlobals) = postSolution
		SolutionGuid = {A0028E06-7FC4-4283-B95D-FAAC996318F3}
	EndGlobalSection
EndGlobal
