
Microsoft Visual Studio Solution File, Format Version 12.00
# Visual Studio 15
VisualStudioVersion = 15.0.26730.16
MinimumVisualStudioVersion = 10.0.40219.1
Project("{FAE04EC0-301F-11D3-BF4B-00C04F79EFBC}") = "NEWCODE", "NEWCODE\NEWCODE.csproj", "{8D872F81-3C29-479D-A316-C28DE65DA102}"
EndProject
Global
	GlobalSection(SolutionConfigurationPlatforms) = preSolution
		Debug|Any CPU = Debug|Any CPU
		Release|Any CPU = Release|Any CPU
	EndGlobalSection
	GlobalSection(ProjectConfigurationPlatforms) = postSolution
		{8D872F81-3C29-479D-A316-C28DE65DA102}.Debug|Any CPU.ActiveCfg = Debug|Any CPU
		{8D872F81-3C29-479D-A316-C28DE65DA102}.Debug|Any CPU.Build.0 = Debug|Any CPU
		{8D872F81-3C29-479D-A316-C28DE65DA102}.Release|Any CPU.ActiveCfg = Release|Any CPU
		{8D872F81-3C29-479D-A316-C28DE65DA102}.Release|Any CPU.Build.0 = Release|Any CPU
	EndGlobalSection
	GlobalSection(SolutionProperties) = preSolution
		HideSolutionNode = FALSE
	EndGlobalSection
	GlobalSection(ExtensibilityGlobals) = postSolution
		SolutionGuid = {DCB6ADB2-120A-4991-9B01-C741467AFF07}
	EndGlobalSection
EndGlobal
