
Microsoft Visual Studio Solution File, Format Version 12.00
# Visual Studio 15
VisualStudioVersion = 15.0.27130.2020
MinimumVisualStudioVersion = 10.0.40219.1
Project("{FAE04EC0-301F-11D3-BF4B-00C04F79EFBC}") = "OLDCODE3", "OLDCODE3\OLDCODE3.csproj", "{B0586F7A-483A-414C-B72A-E449CBB71538}"
EndProject
Global
	GlobalSection(SolutionConfigurationPlatforms) = preSolution
		Debug|Any CPU = Debug|Any CPU
		Release|Any CPU = Release|Any CPU
	EndGlobalSection
	GlobalSection(ProjectConfigurationPlatforms) = postSolution
		{B0586F7A-483A-414C-B72A-E449CBB71538}.Debug|Any CPU.ActiveCfg = Debug|Any CPU
		{B0586F7A-483A-414C-B72A-E449CBB71538}.Debug|Any CPU.Build.0 = Debug|Any CPU
		{B0586F7A-483A-414C-B72A-E449CBB71538}.Release|Any CPU.ActiveCfg = Release|Any CPU
		{B0586F7A-483A-414C-B72A-E449CBB71538}.Release|Any CPU.Build.0 = Release|Any CPU
	EndGlobalSection
	GlobalSection(SolutionProperties) = preSolution
		HideSolutionNode = FALSE
	EndGlobalSection
	GlobalSection(ExtensibilityGlobals) = postSolution
		SolutionGuid = {64E338D9-49A4-45FC-978B-61D6BBC85F42}
	EndGlobalSection
EndGlobal
