
Microsoft Visual Studio Solution File, Format Version 12.00
# Visual Studio 15
VisualStudioVersion = 15.0.27004.2006
MinimumVisualStudioVersion = 10.0.40219.1
Project("{FAE04EC0-301F-11D3-BF4B-00C04F79EFBC}") = "NEWCODE", "NEWCODE\NEWCODE.csproj", "{B59144A6-9277-43CB-8B97-FC81E8F183EA}"
EndProject
Global
	GlobalSection(SolutionConfigurationPlatforms) = preSolution
		Debug|Any CPU = Debug|Any CPU
		Release|Any CPU = Release|Any CPU
	EndGlobalSection
	GlobalSection(ProjectConfigurationPlatforms) = postSolution
		{B59144A6-9277-43CB-8B97-FC81E8F183EA}.Debug|Any CPU.ActiveCfg = Debug|Any CPU
		{B59144A6-9277-43CB-8B97-FC81E8F183EA}.Debug|Any CPU.Build.0 = Debug|Any CPU
		{B59144A6-9277-43CB-8B97-FC81E8F183EA}.Release|Any CPU.ActiveCfg = Release|Any CPU
		{B59144A6-9277-43CB-8B97-FC81E8F183EA}.Release|Any CPU.Build.0 = Release|Any CPU
	EndGlobalSection
	GlobalSection(SolutionProperties) = preSolution
		HideSolutionNode = FALSE
	EndGlobalSection
	GlobalSection(ExtensibilityGlobals) = postSolution
		SolutionGuid = {69DE56A5-C9FA-41D5-A38D-1CE7D96139FC}
	EndGlobalSection
EndGlobal
