
Microsoft Visual Studio Solution File, Format Version 12.00
# Visual Studio 15
VisualStudioVersion = 15.0.26730.16
MinimumVisualStudioVersion = 10.0.40219.1
Project("{FAE04EC0-301F-11D3-BF4B-00C04F79EFBC}") = "OLDCODE", "OLDCODE\OLDCODE.csproj", "{B5A1F61D-DBA2-43A2-8C14-C0D119D6BE10}"
EndProject
Global
	GlobalSection(SolutionConfigurationPlatforms) = preSolution
		Debug|Any CPU = Debug|Any CPU
		Release|Any CPU = Release|Any CPU
	EndGlobalSection
	GlobalSection(ProjectConfigurationPlatforms) = postSolution
		{B5A1F61D-DBA2-43A2-8C14-C0D119D6BE10}.Debug|Any CPU.ActiveCfg = Debug|Any CPU
		{B5A1F61D-DBA2-43A2-8C14-C0D119D6BE10}.Debug|Any CPU.Build.0 = Debug|Any CPU
		{B5A1F61D-DBA2-43A2-8C14-C0D119D6BE10}.Release|Any CPU.ActiveCfg = Release|Any CPU
		{B5A1F61D-DBA2-43A2-8C14-C0D119D6BE10}.Release|Any CPU.Build.0 = Release|Any CPU
	EndGlobalSection
	GlobalSection(SolutionProperties) = preSolution
		HideSolutionNode = FALSE
	EndGlobalSection
	GlobalSection(ExtensibilityGlobals) = postSolution
		SolutionGuid = {E206495A-0DF8-4589-9D56-58AD62CBF551}
	EndGlobalSection
EndGlobal
