
Microsoft Visual Studio Solution File, Format Version 12.00
# Visual Studio 15
VisualStudioVersion = 15.0.27130.2010
MinimumVisualStudioVersion = 10.0.40219.1
Project("{FAE04EC0-301F-11D3-BF4B-00C04F79EFBC}") = "NEWCODE", "NEWCODE\NEWCODE.csproj", "{1F1D235A-E44C-4B64-899A-5A018A613ECF}"
EndProject
Global
	GlobalSection(SolutionConfigurationPlatforms) = preSolution
		Debug|Any CPU = Debug|Any CPU
		Release|Any CPU = Release|Any CPU
	EndGlobalSection
	GlobalSection(ProjectConfigurationPlatforms) = postSolution
		{1F1D235A-E44C-4B64-899A-5A018A613ECF}.Debug|Any CPU.ActiveCfg = Debug|Any CPU
		{1F1D235A-E44C-4B64-899A-5A018A613ECF}.Debug|Any CPU.Build.0 = Debug|Any CPU
		{1F1D235A-E44C-4B64-899A-5A018A613ECF}.Release|Any CPU.ActiveCfg = Release|Any CPU
		{1F1D235A-E44C-4B64-899A-5A018A613ECF}.Release|Any CPU.Build.0 = Release|Any CPU
	EndGlobalSection
	GlobalSection(SolutionProperties) = preSolution
		HideSolutionNode = FALSE
	EndGlobalSection
	GlobalSection(ExtensibilityGlobals) = postSolution
		SolutionGuid = {E79C2B06-1DF9-4A04-B588-BCAFA739BC6A}
	EndGlobalSection
EndGlobal
