
Microsoft Visual Studio Solution File, Format Version 12.00
# Visual Studio 15
VisualStudioVersion = 15.0.27004.2009
MinimumVisualStudioVersion = 10.0.40219.1
Project("{FAE04EC0-301F-11D3-BF4B-00C04F79EFBC}") = "NEWCODE", "NEWCODE\NEWCODE.csproj", "{E12CD062-0703-47B7-961F-91F8731C97D9}"
EndProject
Global
	GlobalSection(SolutionConfigurationPlatforms) = preSolution
		Debug|Any CPU = Debug|Any CPU
		Release|Any CPU = Release|Any CPU
	EndGlobalSection
	GlobalSection(ProjectConfigurationPlatforms) = postSolution
		{E12CD062-0703-47B7-961F-91F8731C97D9}.Debug|Any CPU.ActiveCfg = Debug|Any CPU
		{E12CD062-0703-47B7-961F-91F8731C97D9}.Debug|Any CPU.Build.0 = Debug|Any CPU
		{E12CD062-0703-47B7-961F-91F8731C97D9}.Release|Any CPU.ActiveCfg = Release|Any CPU
		{E12CD062-0703-47B7-961F-91F8731C97D9}.Release|Any CPU.Build.0 = Release|Any CPU
	EndGlobalSection
	GlobalSection(SolutionProperties) = preSolution
		HideSolutionNode = FALSE
	EndGlobalSection
	GlobalSection(ExtensibilityGlobals) = postSolution
		SolutionGuid = {5C75A1D4-7D06-4B7A-B16A-1E0E4C09195F}
	EndGlobalSection
EndGlobal
