
Microsoft Visual Studio Solution File, Format Version 12.00
# Visual Studio 15
VisualStudioVersion = 15.0.26730.16
MinimumVisualStudioVersion = 10.0.40219.1
Project("{FAE04EC0-301F-11D3-BF4B-00C04F79EFBC}") = "OLDCODE2", "OLDCODE2\OLDCODE2.csproj", "{25573203-7268-476D-B0AC-5CC4BB450236}"
EndProject
Global
	GlobalSection(SolutionConfigurationPlatforms) = preSolution
		Debug|Any CPU = Debug|Any CPU
		Release|Any CPU = Release|Any CPU
	EndGlobalSection
	GlobalSection(ProjectConfigurationPlatforms) = postSolution
		{25573203-7268-476D-B0AC-5CC4BB450236}.Debug|Any CPU.ActiveCfg = Debug|Any CPU
		{25573203-7268-476D-B0AC-5CC4BB450236}.Debug|Any CPU.Build.0 = Debug|Any CPU
		{25573203-7268-476D-B0AC-5CC4BB450236}.Release|Any CPU.ActiveCfg = Release|Any CPU
		{25573203-7268-476D-B0AC-5CC4BB450236}.Release|Any CPU.Build.0 = Release|Any CPU
	EndGlobalSection
	GlobalSection(SolutionProperties) = preSolution
		HideSolutionNode = FALSE
	EndGlobalSection
	GlobalSection(ExtensibilityGlobals) = postSolution
		SolutionGuid = {774D5B6B-0B1F-4F3A-85C5-111BA165BC73}
	EndGlobalSection
EndGlobal
