
Microsoft Visual Studio Solution File, Format Version 12.00
# Visual Studio 15
VisualStudioVersion = 15.0.26730.16
MinimumVisualStudioVersion = 10.0.40219.1
Project("{FAE04EC0-301F-11D3-BF4B-00C04F79EFBC}") = "NEWCODE2", "NEWCODE2\NEWCODE2.csproj", "{DE3895C8-4DA5-4C7F-A147-483296FA7914}"
EndProject
Global
	GlobalSection(SolutionConfigurationPlatforms) = preSolution
		Debug|Any CPU = Debug|Any CPU
		Release|Any CPU = Release|Any CPU
	EndGlobalSection
	GlobalSection(ProjectConfigurationPlatforms) = postSolution
		{DE3895C8-4DA5-4C7F-A147-483296FA7914}.Debug|Any CPU.ActiveCfg = Debug|Any CPU
		{DE3895C8-4DA5-4C7F-A147-483296FA7914}.Debug|Any CPU.Build.0 = Debug|Any CPU
		{DE3895C8-4DA5-4C7F-A147-483296FA7914}.Release|Any CPU.ActiveCfg = Release|Any CPU
		{DE3895C8-4DA5-4C7F-A147-483296FA7914}.Release|Any CPU.Build.0 = Release|Any CPU
	EndGlobalSection
	GlobalSection(SolutionProperties) = preSolution
		HideSolutionNode = FALSE
	EndGlobalSection
	GlobalSection(ExtensibilityGlobals) = postSolution
		SolutionGuid = {E24958D9-98E1-4EB6-8048-728D27695153}
	EndGlobalSection
EndGlobal
