
Microsoft Visual Studio Solution File, Format Version 12.00
# Visual Studio 15
VisualStudioVersion = 15.0.27004.2009
MinimumVisualStudioVersion = 10.0.40219.1
Project("{FAE04EC0-301F-11D3-BF4B-00C04F79EFBC}") = "OLDCODE", "OLDCODE\OLDCODE.csproj", "{FF01D952-9B17-46AC-AB5F-420C50842EE9}"
EndProject
Global
	GlobalSection(SolutionConfigurationPlatforms) = preSolution
		Debug|Any CPU = Debug|Any CPU
		Release|Any CPU = Release|Any CPU
	EndGlobalSection
	GlobalSection(ProjectConfigurationPlatforms) = postSolution
		{FF01D952-9B17-46AC-AB5F-420C50842EE9}.Debug|Any CPU.ActiveCfg = Debug|Any CPU
		{FF01D952-9B17-46AC-AB5F-420C50842EE9}.Debug|Any CPU.Build.0 = Debug|Any CPU
		{FF01D952-9B17-46AC-AB5F-420C50842EE9}.Release|Any CPU.ActiveCfg = Release|Any CPU
		{FF01D952-9B17-46AC-AB5F-420C50842EE9}.Release|Any CPU.Build.0 = Release|Any CPU
	EndGlobalSection
	GlobalSection(SolutionProperties) = preSolution
		HideSolutionNode = FALSE
	EndGlobalSection
	GlobalSection(ExtensibilityGlobals) = postSolution
		SolutionGuid = {027B53BB-46BA-4DC1-8C92-BC93EECDBE5F}
	EndGlobalSection
EndGlobal
