
Microsoft Visual Studio Solution File, Format Version 12.00
# Visual Studio 15
VisualStudioVersion = 15.0.27004.2009
MinimumVisualStudioVersion = 10.0.40219.1
Project("{FAE04EC0-301F-11D3-BF4B-00C04F79EFBC}") = "OLDCODE1", "OLDCODE1\OLDCODE1.csproj", "{68B03FB0-77F4-4EDE-99DF-D8520C5E136E}"
EndProject
Global
	GlobalSection(SolutionConfigurationPlatforms) = preSolution
		Debug|Any CPU = Debug|Any CPU
		Release|Any CPU = Release|Any CPU
	EndGlobalSection
	GlobalSection(ProjectConfigurationPlatforms) = postSolution
		{68B03FB0-77F4-4EDE-99DF-D8520C5E136E}.Debug|Any CPU.ActiveCfg = Debug|Any CPU
		{68B03FB0-77F4-4EDE-99DF-D8520C5E136E}.Debug|Any CPU.Build.0 = Debug|Any CPU
		{68B03FB0-77F4-4EDE-99DF-D8520C5E136E}.Release|Any CPU.ActiveCfg = Release|Any CPU
		{68B03FB0-77F4-4EDE-99DF-D8520C5E136E}.Release|Any CPU.Build.0 = Release|Any CPU
	EndGlobalSection
	GlobalSection(SolutionProperties) = preSolution
		HideSolutionNode = FALSE
	EndGlobalSection
	GlobalSection(ExtensibilityGlobals) = postSolution
		SolutionGuid = {3A42CBC8-F9CD-4487-A7C3-9922D3BBAB8E}
	EndGlobalSection
EndGlobal
