
Microsoft Visual Studio Solution File, Format Version 12.00
# Visual Studio 15
VisualStudioVersion = 15.0.26730.16
MinimumVisualStudioVersion = 10.0.40219.1
Project("{FAE04EC0-301F-11D3-BF4B-00C04F79EFBC}") = "oldcode", "oldcode\oldcode.csproj", "{87E87737-C872-4700-A30C-0C4CD32BCF42}"
EndProject
Global
	GlobalSection(SolutionConfigurationPlatforms) = preSolution
		Debug|Any CPU = Debug|Any CPU
		Release|Any CPU = Release|Any CPU
	EndGlobalSection
	GlobalSection(ProjectConfigurationPlatforms) = postSolution
		{87E87737-C872-4700-A30C-0C4CD32BCF42}.Debug|Any CPU.ActiveCfg = Debug|Any CPU
		{87E87737-C872-4700-A30C-0C4CD32BCF42}.Debug|Any CPU.Build.0 = Debug|Any CPU
		{87E87737-C872-4700-A30C-0C4CD32BCF42}.Release|Any CPU.ActiveCfg = Release|Any CPU
		{87E87737-C872-4700-A30C-0C4CD32BCF42}.Release|Any CPU.Build.0 = Release|Any CPU
	EndGlobalSection
	GlobalSection(SolutionProperties) = preSolution
		HideSolutionNode = FALSE
	EndGlobalSection
	GlobalSection(ExtensibilityGlobals) = postSolution
		SolutionGuid = {1C598B9E-A191-4C31-998E-C82855B46AC1}
	EndGlobalSection
EndGlobal
