
Microsoft Visual Studio Solution File, Format Version 12.00
# Visual Studio 15
VisualStudioVersion = 15.0.27004.2009
MinimumVisualStudioVersion = 10.0.40219.1
Project("{FAE04EC0-301F-11D3-BF4B-00C04F79EFBC}") = "NEWCODE", "NEWCODE\NEWCODE.csproj", "{CC1500F0-324E-4FD9-B1EF-AD856C84C69F}"
EndProject
Global
	GlobalSection(SolutionConfigurationPlatforms) = preSolution
		Debug|Any CPU = Debug|Any CPU
		Release|Any CPU = Release|Any CPU
	EndGlobalSection
	GlobalSection(ProjectConfigurationPlatforms) = postSolution
		{CC1500F0-324E-4FD9-B1EF-AD856C84C69F}.Debug|Any CPU.ActiveCfg = Debug|Any CPU
		{CC1500F0-324E-4FD9-B1EF-AD856C84C69F}.Debug|Any CPU.Build.0 = Debug|Any CPU
		{CC1500F0-324E-4FD9-B1EF-AD856C84C69F}.Release|Any CPU.ActiveCfg = Release|Any CPU
		{CC1500F0-324E-4FD9-B1EF-AD856C84C69F}.Release|Any CPU.Build.0 = Release|Any CPU
	EndGlobalSection
	GlobalSection(SolutionProperties) = preSolution
		HideSolutionNode = FALSE
	EndGlobalSection
	GlobalSection(ExtensibilityGlobals) = postSolution
		SolutionGuid = {72E22BE6-D59F-46A0-BC56-B916DCA1DA20}
	EndGlobalSection
EndGlobal
