
Microsoft Visual Studio Solution File, Format Version 12.00
# Visual Studio 15
VisualStudioVersion = 15.0.27130.2020
MinimumVisualStudioVersion = 10.0.40219.1
Project("{FAE04EC0-301F-11D3-BF4B-00C04F79EFBC}") = "NEWCODE", "NEWCODE\NEWCODE.csproj", "{D00215E1-C377-4F58-A8ED-76089C54FD33}"
EndProject
Global
	GlobalSection(SolutionConfigurationPlatforms) = preSolution
		Debug|Any CPU = Debug|Any CPU
		Release|Any CPU = Release|Any CPU
	EndGlobalSection
	GlobalSection(ProjectConfigurationPlatforms) = postSolution
		{D00215E1-C377-4F58-A8ED-76089C54FD33}.Debug|Any CPU.ActiveCfg = Debug|Any CPU
		{D00215E1-C377-4F58-A8ED-76089C54FD33}.Debug|Any CPU.Build.0 = Debug|Any CPU
		{D00215E1-C377-4F58-A8ED-76089C54FD33}.Release|Any CPU.ActiveCfg = Release|Any CPU
		{D00215E1-C377-4F58-A8ED-76089C54FD33}.Release|Any CPU.Build.0 = Release|Any CPU
	EndGlobalSection
	GlobalSection(SolutionProperties) = preSolution
		HideSolutionNode = FALSE
	EndGlobalSection
	GlobalSection(ExtensibilityGlobals) = postSolution
		SolutionGuid = {96EB700A-9E34-4FE5-8BB1-D1079DC0B233}
	EndGlobalSection
EndGlobal
