
Microsoft Visual Studio Solution File, Format Version 12.00
# Visual Studio 15
VisualStudioVersion = 15.0.27130.2010
MinimumVisualStudioVersion = 10.0.40219.1
Project("{FAE04EC0-301F-11D3-BF4B-00C04F79EFBC}") = "NEWCODE", "NEWCODE\NEWCODE.csproj", "{40014ADC-A190-4812-AB85-6DA918AA9296}"
EndProject
Global
	GlobalSection(SolutionConfigurationPlatforms) = preSolution
		Debug|Any CPU = Debug|Any CPU
		Release|Any CPU = Release|Any CPU
	EndGlobalSection
	GlobalSection(ProjectConfigurationPlatforms) = postSolution
		{40014ADC-A190-4812-AB85-6DA918AA9296}.Debug|Any CPU.ActiveCfg = Debug|Any CPU
		{40014ADC-A190-4812-AB85-6DA918AA9296}.Debug|Any CPU.Build.0 = Debug|Any CPU
		{40014ADC-A190-4812-AB85-6DA918AA9296}.Release|Any CPU.ActiveCfg = Release|Any CPU
		{40014ADC-A190-4812-AB85-6DA918AA9296}.Release|Any CPU.Build.0 = Release|Any CPU
	EndGlobalSection
	GlobalSection(SolutionProperties) = preSolution
		HideSolutionNode = FALSE
	EndGlobalSection
	GlobalSection(ExtensibilityGlobals) = postSolution
		SolutionGuid = {9B440EB5-41B9-4B3E-B54A-4E0AFFF22B09}
	EndGlobalSection
EndGlobal
