
Microsoft Visual Studio Solution File, Format Version 12.00
# Visual Studio 15
VisualStudioVersion = 15.0.27004.2009
MinimumVisualStudioVersion = 10.0.40219.1
Project("{FAE04EC0-301F-11D3-BF4B-00C04F79EFBC}") = "NEWCODE", "NEWCODE\NEWCODE.csproj", "{45FFADEA-3787-4174-BA2C-D64039CBE904}"
EndProject
Global
	GlobalSection(SolutionConfigurationPlatforms) = preSolution
		Debug|Any CPU = Debug|Any CPU
		Release|Any CPU = Release|Any CPU
	EndGlobalSection
	GlobalSection(ProjectConfigurationPlatforms) = postSolution
		{45FFADEA-3787-4174-BA2C-D64039CBE904}.Debug|Any CPU.ActiveCfg = Debug|Any CPU
		{45FFADEA-3787-4174-BA2C-D64039CBE904}.Debug|Any CPU.Build.0 = Debug|Any CPU
		{45FFADEA-3787-4174-BA2C-D64039CBE904}.Release|Any CPU.ActiveCfg = Release|Any CPU
		{45FFADEA-3787-4174-BA2C-D64039CBE904}.Release|Any CPU.Build.0 = Release|Any CPU
	EndGlobalSection
	GlobalSection(SolutionProperties) = preSolution
		HideSolutionNode = FALSE
	EndGlobalSection
	GlobalSection(ExtensibilityGlobals) = postSolution
		SolutionGuid = {9EE40F89-E526-4BC7-8957-6F2DBCC25E05}
	EndGlobalSection
EndGlobal
