
Microsoft Visual Studio Solution File, Format Version 12.00
# Visual Studio 15
VisualStudioVersion = 15.0.27004.2009
MinimumVisualStudioVersion = 10.0.40219.1
Project("{FAE04EC0-301F-11D3-BF4B-00C04F79EFBC}") = "REFERCODE", "REFERCODE\REFERCODE.csproj", "{45F55D81-2BA2-4A7D-B0EA-1D3C02D9B3BB}"
EndProject
Global
	GlobalSection(SolutionConfigurationPlatforms) = preSolution
		Debug|Any CPU = Debug|Any CPU
		Release|Any CPU = Release|Any CPU
	EndGlobalSection
	GlobalSection(ProjectConfigurationPlatforms) = postSolution
		{45F55D81-2BA2-4A7D-B0EA-1D3C02D9B3BB}.Debug|Any CPU.ActiveCfg = Debug|Any CPU
		{45F55D81-2BA2-4A7D-B0EA-1D3C02D9B3BB}.Debug|Any CPU.Build.0 = Debug|Any CPU
		{45F55D81-2BA2-4A7D-B0EA-1D3C02D9B3BB}.Release|Any CPU.ActiveCfg = Release|Any CPU
		{45F55D81-2BA2-4A7D-B0EA-1D3C02D9B3BB}.Release|Any CPU.Build.0 = Release|Any CPU
	EndGlobalSection
	GlobalSection(SolutionProperties) = preSolution
		HideSolutionNode = FALSE
	EndGlobalSection
	GlobalSection(ExtensibilityGlobals) = postSolution
		SolutionGuid = {3541CDAD-1609-48E1-A737-815AC1CA8D13}
	EndGlobalSection
EndGlobal
