
Microsoft Visual Studio Solution File, Format Version 12.00
# Visual Studio 15
VisualStudioVersion = 15.0.26730.16
MinimumVisualStudioVersion = 10.0.40219.1
Project("{FAE04EC0-301F-11D3-BF4B-00C04F79EFBC}") = "OLDCODE2", "OLDCODE2\OLDCODE2.csproj", "{1335B990-6593-48AE-8B79-C8966F940490}"
EndProject
Global
	GlobalSection(SolutionConfigurationPlatforms) = preSolution
		Debug|Any CPU = Debug|Any CPU
		Release|Any CPU = Release|Any CPU
	EndGlobalSection
	GlobalSection(ProjectConfigurationPlatforms) = postSolution
		{1335B990-6593-48AE-8B79-C8966F940490}.Debug|Any CPU.ActiveCfg = Debug|Any CPU
		{1335B990-6593-48AE-8B79-C8966F940490}.Debug|Any CPU.Build.0 = Debug|Any CPU
		{1335B990-6593-48AE-8B79-C8966F940490}.Release|Any CPU.ActiveCfg = Release|Any CPU
		{1335B990-6593-48AE-8B79-C8966F940490}.Release|Any CPU.Build.0 = Release|Any CPU
	EndGlobalSection
	GlobalSection(SolutionProperties) = preSolution
		HideSolutionNode = FALSE
	EndGlobalSection
	GlobalSection(ExtensibilityGlobals) = postSolution
		SolutionGuid = {B548F1E0-FB1D-48B0-99E3-27E4936ADB6C}
	EndGlobalSection
EndGlobal
