
Microsoft Visual Studio Solution File, Format Version 12.00
# Visual Studio 15
VisualStudioVersion = 15.0.27130.2010
MinimumVisualStudioVersion = 10.0.40219.1
Project("{FAE04EC0-301F-11D3-BF4B-00C04F79EFBC}") = "REFERCODE2", "REFERCODE2\REFERCODE2.csproj", "{D4F97996-DCF6-4EEC-98FF-439D76B1F8B1}"
EndProject
Global
	GlobalSection(SolutionConfigurationPlatforms) = preSolution
		Debug|Any CPU = Debug|Any CPU
		Release|Any CPU = Release|Any CPU
	EndGlobalSection
	GlobalSection(ProjectConfigurationPlatforms) = postSolution
		{D4F97996-DCF6-4EEC-98FF-439D76B1F8B1}.Debug|Any CPU.ActiveCfg = Debug|Any CPU
		{D4F97996-DCF6-4EEC-98FF-439D76B1F8B1}.Debug|Any CPU.Build.0 = Debug|Any CPU
		{D4F97996-DCF6-4EEC-98FF-439D76B1F8B1}.Release|Any CPU.ActiveCfg = Release|Any CPU
		{D4F97996-DCF6-4EEC-98FF-439D76B1F8B1}.Release|Any CPU.Build.0 = Release|Any CPU
	EndGlobalSection
	GlobalSection(SolutionProperties) = preSolution
		HideSolutionNode = FALSE
	EndGlobalSection
	GlobalSection(ExtensibilityGlobals) = postSolution
		SolutionGuid = {D516503C-1731-4909-8836-DF7502A7D92D}
	EndGlobalSection
EndGlobal
