
Microsoft Visual Studio Solution File, Format Version 12.00
# Visual Studio 15
VisualStudioVersion = 15.0.26730.16
MinimumVisualStudioVersion = 10.0.40219.1
Project("{FAE04EC0-301F-11D3-BF4B-00C04F79EFBC}") = "NEWCODE3", "NEWCODE3\NEWCODE3.csproj", "{902DBC8F-E2B2-43AF-BC0B-F6B8F7026A11}"
EndProject
Global
	GlobalSection(SolutionConfigurationPlatforms) = preSolution
		Debug|Any CPU = Debug|Any CPU
		Release|Any CPU = Release|Any CPU
	EndGlobalSection
	GlobalSection(ProjectConfigurationPlatforms) = postSolution
		{902DBC8F-E2B2-43AF-BC0B-F6B8F7026A11}.Debug|Any CPU.ActiveCfg = Debug|Any CPU
		{902DBC8F-E2B2-43AF-BC0B-F6B8F7026A11}.Debug|Any CPU.Build.0 = Debug|Any CPU
		{902DBC8F-E2B2-43AF-BC0B-F6B8F7026A11}.Release|Any CPU.ActiveCfg = Release|Any CPU
		{902DBC8F-E2B2-43AF-BC0B-F6B8F7026A11}.Release|Any CPU.Build.0 = Release|Any CPU
	EndGlobalSection
	GlobalSection(SolutionProperties) = preSolution
		HideSolutionNode = FALSE
	EndGlobalSection
	GlobalSection(ExtensibilityGlobals) = postSolution
		SolutionGuid = {36AAFFD7-E339-486A-98FF-23419C0FFAB9}
	EndGlobalSection
EndGlobal
