
Microsoft Visual Studio Solution File, Format Version 12.00
# Visual Studio 15
VisualStudioVersion = 15.0.26730.16
MinimumVisualStudioVersion = 10.0.40219.1
Project("{FAE04EC0-301F-11D3-BF4B-00C04F79EFBC}") = "NEWCODE", "NEWCODE\NEWCODE.csproj", "{A49B830C-A108-4C05-95BE-4B11B5EA6026}"
EndProject
Global
	GlobalSection(SolutionConfigurationPlatforms) = preSolution
		Debug|Any CPU = Debug|Any CPU
		Release|Any CPU = Release|Any CPU
	EndGlobalSection
	GlobalSection(ProjectConfigurationPlatforms) = postSolution
		{A49B830C-A108-4C05-95BE-4B11B5EA6026}.Debug|Any CPU.ActiveCfg = Debug|Any CPU
		{A49B830C-A108-4C05-95BE-4B11B5EA6026}.Debug|Any CPU.Build.0 = Debug|Any CPU
		{A49B830C-A108-4C05-95BE-4B11B5EA6026}.Release|Any CPU.ActiveCfg = Release|Any CPU
		{A49B830C-A108-4C05-95BE-4B11B5EA6026}.Release|Any CPU.Build.0 = Release|Any CPU
	EndGlobalSection
	GlobalSection(SolutionProperties) = preSolution
		HideSolutionNode = FALSE
	EndGlobalSection
	GlobalSection(ExtensibilityGlobals) = postSolution
		SolutionGuid = {1B7EDCF8-E15C-47A1-ADC0-F9BB17DFC0F8}
	EndGlobalSection
EndGlobal
