
Microsoft Visual Studio Solution File, Format Version 12.00
# Visual Studio 15
VisualStudioVersion = 15.0.27004.2009
MinimumVisualStudioVersion = 10.0.40219.1
Project("{FAE04EC0-301F-11D3-BF4B-00C04F79EFBC}") = "NEWCODE", "NEWCODE\NEWCODE.csproj", "{6F6528E7-2563-471B-910A-8DF74A7DDEE2}"
EndProject
Global
	GlobalSection(SolutionConfigurationPlatforms) = preSolution
		Debug|Any CPU = Debug|Any CPU
		Release|Any CPU = Release|Any CPU
	EndGlobalSection
	GlobalSection(ProjectConfigurationPlatforms) = postSolution
		{6F6528E7-2563-471B-910A-8DF74A7DDEE2}.Debug|Any CPU.ActiveCfg = Debug|Any CPU
		{6F6528E7-2563-471B-910A-8DF74A7DDEE2}.Debug|Any CPU.Build.0 = Debug|Any CPU
		{6F6528E7-2563-471B-910A-8DF74A7DDEE2}.Release|Any CPU.ActiveCfg = Release|Any CPU
		{6F6528E7-2563-471B-910A-8DF74A7DDEE2}.Release|Any CPU.Build.0 = Release|Any CPU
	EndGlobalSection
	GlobalSection(SolutionProperties) = preSolution
		HideSolutionNode = FALSE
	EndGlobalSection
	GlobalSection(ExtensibilityGlobals) = postSolution
		SolutionGuid = {BF9E5B5A-57EE-468C-AAD9-AAAE1C3C97C9}
	EndGlobalSection
EndGlobal
