
Microsoft Visual Studio Solution File, Format Version 12.00
# Visual Studio 15
VisualStudioVersion = 15.0.26730.16
MinimumVisualStudioVersion = 10.0.40219.1
Project("{FAE04EC0-301F-11D3-BF4B-00C04F79EFBC}") = "NEWCODE", "NEWCODE\NEWCODE.csproj", "{19128C4B-75EF-4A8B-9086-B2D2F78645B6}"
EndProject
Global
	GlobalSection(SolutionConfigurationPlatforms) = preSolution
		Debug|Any CPU = Debug|Any CPU
		Release|Any CPU = Release|Any CPU
	EndGlobalSection
	GlobalSection(ProjectConfigurationPlatforms) = postSolution
		{19128C4B-75EF-4A8B-9086-B2D2F78645B6}.Debug|Any CPU.ActiveCfg = Debug|Any CPU
		{19128C4B-75EF-4A8B-9086-B2D2F78645B6}.Debug|Any CPU.Build.0 = Debug|Any CPU
		{19128C4B-75EF-4A8B-9086-B2D2F78645B6}.Release|Any CPU.ActiveCfg = Release|Any CPU
		{19128C4B-75EF-4A8B-9086-B2D2F78645B6}.Release|Any CPU.Build.0 = Release|Any CPU
	EndGlobalSection
	GlobalSection(SolutionProperties) = preSolution
		HideSolutionNode = FALSE
	EndGlobalSection
	GlobalSection(ExtensibilityGlobals) = postSolution
		SolutionGuid = {4F99326E-4D8C-45FD-B719-1BC990E4212A}
	EndGlobalSection
EndGlobal
