
Microsoft Visual Studio Solution File, Format Version 12.00
# Visual Studio 15
VisualStudioVersion = 15.0.27130.2020
MinimumVisualStudioVersion = 10.0.40219.1
Project("{FAE04EC0-301F-11D3-BF4B-00C04F79EFBC}") = "OLDCODE", "OLDCODE\OLDCODE.csproj", "{E098714F-D480-4D71-BD4F-4C1B00C76181}"
EndProject
Global
	GlobalSection(SolutionConfigurationPlatforms) = preSolution
		Debug|Any CPU = Debug|Any CPU
		Release|Any CPU = Release|Any CPU
	EndGlobalSection
	GlobalSection(ProjectConfigurationPlatforms) = postSolution
		{E098714F-D480-4D71-BD4F-4C1B00C76181}.Debug|Any CPU.ActiveCfg = Debug|Any CPU
		{E098714F-D480-4D71-BD4F-4C1B00C76181}.Debug|Any CPU.Build.0 = Debug|Any CPU
		{E098714F-D480-4D71-BD4F-4C1B00C76181}.Release|Any CPU.ActiveCfg = Release|Any CPU
		{E098714F-D480-4D71-BD4F-4C1B00C76181}.Release|Any CPU.Build.0 = Release|Any CPU
	EndGlobalSection
	GlobalSection(SolutionProperties) = preSolution
		HideSolutionNode = FALSE
	EndGlobalSection
	GlobalSection(ExtensibilityGlobals) = postSolution
		SolutionGuid = {9550DDB2-62AA-4A93-80A0-6C6FD849759F}
	EndGlobalSection
EndGlobal
