
Microsoft Visual Studio Solution File, Format Version 12.00
# Visual Studio 15
VisualStudioVersion = 15.0.27004.2009
MinimumVisualStudioVersion = 10.0.40219.1
Project("{FAE04EC0-301F-11D3-BF4B-00C04F79EFBC}") = "NEWCODE", "NEWCODE\NEWCODE.csproj", "{333533E1-6383-4E41-A9BF-6B981BF950CD}"
EndProject
Global
	GlobalSection(SolutionConfigurationPlatforms) = preSolution
		Debug|Any CPU = Debug|Any CPU
		Release|Any CPU = Release|Any CPU
	EndGlobalSection
	GlobalSection(ProjectConfigurationPlatforms) = postSolution
		{333533E1-6383-4E41-A9BF-6B981BF950CD}.Debug|Any CPU.ActiveCfg = Debug|Any CPU
		{333533E1-6383-4E41-A9BF-6B981BF950CD}.Debug|Any CPU.Build.0 = Debug|Any CPU
		{333533E1-6383-4E41-A9BF-6B981BF950CD}.Release|Any CPU.ActiveCfg = Release|Any CPU
		{333533E1-6383-4E41-A9BF-6B981BF950CD}.Release|Any CPU.Build.0 = Release|Any CPU
	EndGlobalSection
	GlobalSection(SolutionProperties) = preSolution
		HideSolutionNode = FALSE
	EndGlobalSection
	GlobalSection(ExtensibilityGlobals) = postSolution
		SolutionGuid = {F96E723D-68F5-43D1-AF4E-1D33FFC8068D}
	EndGlobalSection
EndGlobal
