
Microsoft Visual Studio Solution File, Format Version 12.00
# Visual Studio 15
VisualStudioVersion = 15.0.27004.2009
MinimumVisualStudioVersion = 10.0.40219.1
Project("{FAE04EC0-301F-11D3-BF4B-00C04F79EFBC}") = "NEWCODE", "NEWCODE\NEWCODE.csproj", "{A2B5574C-05D1-4A40-A2A6-996D0F652455}"
EndProject
Global
	GlobalSection(SolutionConfigurationPlatforms) = preSolution
		Debug|Any CPU = Debug|Any CPU
		Release|Any CPU = Release|Any CPU
	EndGlobalSection
	GlobalSection(ProjectConfigurationPlatforms) = postSolution
		{A2B5574C-05D1-4A40-A2A6-996D0F652455}.Debug|Any CPU.ActiveCfg = Debug|Any CPU
		{A2B5574C-05D1-4A40-A2A6-996D0F652455}.Debug|Any CPU.Build.0 = Debug|Any CPU
		{A2B5574C-05D1-4A40-A2A6-996D0F652455}.Release|Any CPU.ActiveCfg = Release|Any CPU
		{A2B5574C-05D1-4A40-A2A6-996D0F652455}.Release|Any CPU.Build.0 = Release|Any CPU
	EndGlobalSection
	GlobalSection(SolutionProperties) = preSolution
		HideSolutionNode = FALSE
	EndGlobalSection
	GlobalSection(ExtensibilityGlobals) = postSolution
		SolutionGuid = {B9A34074-629E-4FAA-B4E4-46DC446B91BB}
	EndGlobalSection
EndGlobal
