
Microsoft Visual Studio Solution File, Format Version 12.00
# Visual Studio 15
VisualStudioVersion = 15.0.27130.2020
MinimumVisualStudioVersion = 10.0.40219.1
Project("{FAE04EC0-301F-11D3-BF4B-00C04F79EFBC}") = "NEWCODE", "NEWCODE\NEWCODE.csproj", "{2917C54D-9C2D-4308-9D2F-4B50E90C500E}"
EndProject
Global
	GlobalSection(SolutionConfigurationPlatforms) = preSolution
		Debug|Any CPU = Debug|Any CPU
		Release|Any CPU = Release|Any CPU
	EndGlobalSection
	GlobalSection(ProjectConfigurationPlatforms) = postSolution
		{2917C54D-9C2D-4308-9D2F-4B50E90C500E}.Debug|Any CPU.ActiveCfg = Debug|Any CPU
		{2917C54D-9C2D-4308-9D2F-4B50E90C500E}.Debug|Any CPU.Build.0 = Debug|Any CPU
		{2917C54D-9C2D-4308-9D2F-4B50E90C500E}.Release|Any CPU.ActiveCfg = Release|Any CPU
		{2917C54D-9C2D-4308-9D2F-4B50E90C500E}.Release|Any CPU.Build.0 = Release|Any CPU
	EndGlobalSection
	GlobalSection(SolutionProperties) = preSolution
		HideSolutionNode = FALSE
	EndGlobalSection
	GlobalSection(ExtensibilityGlobals) = postSolution
		SolutionGuid = {00071DF2-275E-4C50-91EB-9079F69CF689}
	EndGlobalSection
EndGlobal
